
Microsoft Visual Studio Solution File, Format Version 12.00
# Visual Studio Version 17
VisualStudioVersion = 17.7.34202.233
MinimumVisualStudioVersion = 10.0.40219.1
Project("{FAE04EC0-301F-11D3-BF4B-00C04F79EFBC}") = "SRP", "SRP\SRP.csproj", "{2A220C7A-1646-4B9C-BCA8-D9DA19355D33}"
EndProject
Project("{2150E333-8FDC-42A3-9474-1A3956D46DE8}") = "SOLID", "SOLID", "{7CEF2767-FF96-487B-9EEF-AAE02F271B62}"
EndProject
Project("{FAE04EC0-301F-11D3-BF4B-00C04F79EFBC}") = "OCP", "OCP\OCP.csproj", "{8D144A17-FAB4-4298-A333-CD420B70DC36}"
EndProject
Project("{2150E333-8FDC-42A3-9474-1A3956D46DE8}") = "Design Patterns", "Design Patterns", "{218993D6-C033-478B-9ACC-F9AE4FBA2062}"
EndProject
Project("{FAE04EC0-301F-11D3-BF4B-00C04F79EFBC}") = "Singleton", "Singleton\Singleton.csproj", "{0E97BD5F-7E85-4F51-A647-0A8D4F4F0725}"
EndProject
Project("{FAE04EC0-301F-11D3-BF4B-00C04F79EFBC}") = "Factory Pattern", "Factory Pattern\Factory Pattern.csproj", "{F7D3A60A-5A28-4396-9123-C767DF4235D6}"
EndProject
Project("{FAE04EC0-301F-11D3-BF4B-00C04F79EFBC}") = "DependencyInjection", "DependencyInjection\DependencyInjection.csproj", "{2E91E44A-E338-4B54-BA03-0C39BD67231D}"
EndProject
Project("{2150E333-8FDC-42A3-9474-1A3956D46DE8}") = "Project Architecture", "Project Architecture", "{FAC67067-E5AF-436C-9AC5-43E3C58D473B}"
EndProject
Project("{FAE04EC0-301F-11D3-BF4B-00C04F79EFBC}") = "DataAccessLayer", "DataAccessLayer\DataAccessLayer.csproj", "{E681C6EE-1910-49D9-8695-C079A2751808}"
EndProject
Project("{FAE04EC0-301F-11D3-BF4B-00C04F79EFBC}") = "BusinessAccessLayer", "BusinessAccessLayer\BusinessAccessLayer.csproj", "{4701B61B-1ABD-4D25-B0DA-404ADBDFBC37}"
EndProject
Project("{FAE04EC0-301F-11D3-BF4B-00C04F79EFBC}") = "Models", "Models\Models.csproj", "{22BA7161-B123-4721-972C-D0F20BC685B9}"
EndProject
Project("{FAE04EC0-301F-11D3-BF4B-00C04F79EFBC}") = "WebUI", "WebUI\WebUI.csproj", "{046E500F-E830-45C1-B59F-35230B04C3F5}"
EndProject
Global
	GlobalSection(SolutionConfigurationPlatforms) = preSolution
		Debug|Any CPU = Debug|Any CPU
		Release|Any CPU = Release|Any CPU
	EndGlobalSection
	GlobalSection(ProjectConfigurationPlatforms) = postSolution
		{2A220C7A-1646-4B9C-BCA8-D9DA19355D33}.Debug|Any CPU.ActiveCfg = Debug|Any CPU
		{2A220C7A-1646-4B9C-BCA8-D9DA19355D33}.Debug|Any CPU.Build.0 = Debug|Any CPU
		{2A220C7A-1646-4B9C-BCA8-D9DA19355D33}.Release|Any CPU.ActiveCfg = Release|Any CPU
		{2A220C7A-1646-4B9C-BCA8-D9DA19355D33}.Release|Any CPU.Build.0 = Release|Any CPU
		{8D144A17-FAB4-4298-A333-CD420B70DC36}.Debug|Any CPU.ActiveCfg = Debug|Any CPU
		{8D144A17-FAB4-4298-A333-CD420B70DC36}.Debug|Any CPU.Build.0 = Debug|Any CPU
		{8D144A17-FAB4-4298-A333-CD420B70DC36}.Release|Any CPU.ActiveCfg = Release|Any CPU
		{8D144A17-FAB4-4298-A333-CD420B70DC36}.Release|Any CPU.Build.0 = Release|Any CPU
		{0E97BD5F-7E85-4F51-A647-0A8D4F4F0725}.Debug|Any CPU.ActiveCfg = Debug|Any CPU
		{0E97BD5F-7E85-4F51-A647-0A8D4F4F0725}.Debug|Any CPU.Build.0 = Debug|Any CPU
		{0E97BD5F-7E85-4F51-A647-0A8D4F4F0725}.Release|Any CPU.ActiveCfg = Release|Any CPU
		{0E97BD5F-7E85-4F51-A647-0A8D4F4F0725}.Release|Any CPU.Build.0 = Release|Any CPU
		{F7D3A60A-5A28-4396-9123-C767DF4235D6}.Debug|Any CPU.ActiveCfg = Debug|Any CPU
		{F7D3A60A-5A28-4396-9123-C767DF4235D6}.Debug|Any CPU.Build.0 = Debug|Any CPU
		{F7D3A60A-5A28-4396-9123-C767DF4235D6}.Release|Any CPU.ActiveCfg = Release|Any CPU
		{F7D3A60A-5A28-4396-9123-C767DF4235D6}.Release|Any CPU.Build.0 = Release|Any CPU
		{2E91E44A-E338-4B54-BA03-0C39BD67231D}.Debug|Any CPU.ActiveCfg = Debug|Any CPU
		{2E91E44A-E338-4B54-BA03-0C39BD67231D}.Debug|Any CPU.Build.0 = Debug|Any CPU
		{2E91E44A-E338-4B54-BA03-0C39BD67231D}.Release|Any CPU.ActiveCfg = Release|Any CPU
		{2E91E44A-E338-4B54-BA03-0C39BD67231D}.Release|Any CPU.Build.0 = Release|Any CPU
		{E681C6EE-1910-49D9-8695-C079A2751808}.Debug|Any CPU.ActiveCfg = Debug|Any CPU
		{E681C6EE-1910-49D9-8695-C079A2751808}.Debug|Any CPU.Build.0 = Debug|Any CPU
		{E681C6EE-1910-49D9-8695-C079A2751808}.Release|Any CPU.ActiveCfg = Release|Any CPU
		{E681C6EE-1910-49D9-8695-C079A2751808}.Release|Any CPU.Build.0 = Release|Any CPU
		{4701B61B-1ABD-4D25-B0DA-404ADBDFBC37}.Debug|Any CPU.ActiveCfg = Debug|Any CPU
		{4701B61B-1ABD-4D25-B0DA-404ADBDFBC37}.Debug|Any CPU.Build.0 = Debug|Any CPU
		{4701B61B-1ABD-4D25-B0DA-404ADBDFBC37}.Release|Any CPU.ActiveCfg = Release|Any CPU
		{4701B61B-1ABD-4D25-B0DA-404ADBDFBC37}.Release|Any CPU.Build.0 = Release|Any CPU
		{22BA7161-B123-4721-972C-D0F20BC685B9}.Debug|Any CPU.ActiveCfg = Debug|Any CPU
		{22BA7161-B123-4721-972C-D0F20BC685B9}.Debug|Any CPU.Build.0 = Debug|Any CPU
		{22BA7161-B123-4721-972C-D0F20BC685B9}.Release|Any CPU.ActiveCfg = Release|Any CPU
		{22BA7161-B123-4721-972C-D0F20BC685B9}.Release|Any CPU.Build.0 = Release|Any CPU
		{046E500F-E830-45C1-B59F-35230B04C3F5}.Debug|Any CPU.ActiveCfg = Debug|Any CPU
		{046E500F-E830-45C1-B59F-35230B04C3F5}.Debug|Any CPU.Build.0 = Debug|Any CPU
		{046E500F-E830-45C1-B59F-35230B04C3F5}.Release|Any CPU.ActiveCfg = Release|Any CPU
		{046E500F-E830-45C1-B59F-35230B04C3F5}.Release|Any CPU.Build.0 = Release|Any CPU
	EndGlobalSection
	GlobalSection(SolutionProperties) = preSolution
		HideSolutionNode = FALSE
	EndGlobalSection
	GlobalSection(NestedProjects) = preSolution
		{2A220C7A-1646-4B9C-BCA8-D9DA19355D33} = {7CEF2767-FF96-487B-9EEF-AAE02F271B62}
		{8D144A17-FAB4-4298-A333-CD420B70DC36} = {7CEF2767-FF96-487B-9EEF-AAE02F271B62}
		{0E97BD5F-7E85-4F51-A647-0A8D4F4F0725} = {218993D6-C033-478B-9ACC-F9AE4FBA2062}
		{F7D3A60A-5A28-4396-9123-C767DF4235D6} = {218993D6-C033-478B-9ACC-F9AE4FBA2062}
		{2E91E44A-E338-4B54-BA03-0C39BD67231D} = {218993D6-C033-478B-9ACC-F9AE4FBA2062}
		{E681C6EE-1910-49D9-8695-C079A2751808} = {FAC67067-E5AF-436C-9AC5-43E3C58D473B}
		{4701B61B-1ABD-4D25-B0DA-404ADBDFBC37} = {FAC67067-E5AF-436C-9AC5-43E3C58D473B}
		{22BA7161-B123-4721-972C-D0F20BC685B9} = {FAC67067-E5AF-436C-9AC5-43E3C58D473B}
		{046E500F-E830-45C1-B59F-35230B04C3F5} = {FAC67067-E5AF-436C-9AC5-43E3C58D473B}
	EndGlobalSection
	GlobalSection(ExtensibilityGlobals) = postSolution
		SolutionGuid = {276FCB77-2098-4F64-91A0-F7B62D1806E1}
	EndGlobalSection
EndGlobal
